
Microsoft Visual Studio Solution File, Format Version 12.00
# Visual Studio Express 2013 for Windows Desktop
VisualStudioVersion = 12.0.21005.1
MinimumVisualStudioVersion = 10.0.40219.1
Project("{FAE04EC0-301F-11D3-BF4B-00C04F79EFBC}") = "RemoveDuplicates", "RemoveDuplicates\RemoveDuplicates.csproj", "{68861308-9DB8-499D-B30E-B05A669F6E2E}"
EndProject
Project("{2150E333-8FDC-42A3-9474-1A3956D46DE8}") = ".nuget", ".nuget", "{883B8477-E686-40EC-B140-435A43FAF68D}"
	ProjectSection(SolutionItems) = preProject
		.nuget\packages.config = .nuget\packages.config
	EndProjectSection
EndProject
Project("{FAE04EC0-301F-11D3-BF4B-00C04F79EFBC}") = "RemoveDuplicatesTests", "RemoveDuplicatesTests\RemoveDuplicatesTests.csproj", "{A8A058F6-A72A-42DD-8AE2-97833EC52E58}"
EndProject
Global
	GlobalSection(SolutionConfigurationPlatforms) = preSolution
		Debug|Any CPU = Debug|Any CPU
		Release|Any CPU = Release|Any CPU
	EndGlobalSection
	GlobalSection(ProjectConfigurationPlatforms) = postSolution
		{68861308-9DB8-499D-B30E-B05A669F6E2E}.Debug|Any CPU.ActiveCfg = Debug|Any CPU
		{68861308-9DB8-499D-B30E-B05A669F6E2E}.Debug|Any CPU.Build.0 = Debug|Any CPU
		{68861308-9DB8-499D-B30E-B05A669F6E2E}.Release|Any CPU.ActiveCfg = Release|Any CPU
		{68861308-9DB8-499D-B30E-B05A669F6E2E}.Release|Any CPU.Build.0 = Release|Any CPU
		{A8A058F6-A72A-42DD-8AE2-97833EC52E58}.Debug|Any CPU.ActiveCfg = Debug|Any CPU
		{A8A058F6-A72A-42DD-8AE2-97833EC52E58}.Debug|Any CPU.Build.0 = Debug|Any CPU
		{A8A058F6-A72A-42DD-8AE2-97833EC52E58}.Release|Any CPU.ActiveCfg = Release|Any CPU
		{A8A058F6-A72A-42DD-8AE2-97833EC52E58}.Release|Any CPU.Build.0 = Release|Any CPU
	EndGlobalSection
	GlobalSection(SolutionProperties) = preSolution
		HideSolutionNode = FALSE
	EndGlobalSection
EndGlobal
